// !$*UTF8*$!
{
	archiveVersion = 1;
	classes = {
	};
	objectVersion = 77;
	objects = {

/* Begin PBXBuildFile section */
		CA07B6762EA7C41900287A39 /* DomainClothes in Frameworks */ = {isa = PBXBuildFile; productRef = CA07B6752EA7C41900287A39 /* DomainClothes */; };
		CA740FA72E9F7E2B00A306EF /* CoreMLImageClassifier in Frameworks */ = {isa = PBXBuildFile; productRef = CA740FA62E9F7E2B00A306EF /* CoreMLImageClassifier */; };
		CA78D8FA2EA7B2AB006BD951 /* CoreMLImageClassifier in Frameworks */ = {isa = PBXBuildFile; productRef = CA78D8F92EA7B2AB006BD951 /* CoreMLImageClassifier */; };
		CAF5AECD2E8135F2007759B6 /* FeatureRecordPhoto in Frameworks */ = {isa = PBXBuildFile; productRef = CAF5AECC2E8135F2007759B6 /* FeatureRecordPhoto */; };
		CAF5AECF2E8231C1007759B6 /* CoreRouter in Frameworks */ = {isa = PBXBuildFile; productRef = CAF5AECE2E8231C1007759B6 /* CoreRouter */; };
		CAF5AEF72E8256A4007759B6 /* CoreCaptureSession in Frameworks */ = {isa = PBXBuildFile; productRef = CAF5AEF62E8256A4007759B6 /* CoreCaptureSession */; };
		F4C178832E798FCA004DAC5C /* CaptureSessionFeature in Frameworks */ = {isa = PBXBuildFile; productRef = F4C178822E798FCA004DAC5C /* CaptureSessionFeature */; };
		F4C6571A2E6DAB2500B26139 /* SharedDesignSystem in Frameworks */ = {isa = PBXBuildFile; productRef = F4C657192E6DAB2500B26139 /* SharedDesignSystem */; };
/* End PBXBuildFile section */

/* Begin PBXContainerItemProxy section */
		F449CA3F2E5F20A000A1FDFF /* PBXContainerItemProxy */ = {
			isa = PBXContainerItemProxy;
			containerPortal = F449CA272E5F209E00A1FDFF /* Project object */;
			proxyType = 1;
			remoteGlobalIDString = F449CA2E2E5F209E00A1FDFF;
			remoteInfo = OndoOtjang;
		};
		F449CA492E5F20A000A1FDFF /* PBXContainerItemProxy */ = {
			isa = PBXContainerItemProxy;
			containerPortal = F449CA272E5F209E00A1FDFF /* Project object */;
			proxyType = 1;
			remoteGlobalIDString = F449CA2E2E5F209E00A1FDFF;
			remoteInfo = OndoOtjang;
		};
/* End PBXContainerItemProxy section */

/* Begin PBXFileReference section */
		CA740F8F2E9F7D9E00A306EF /* MLImageClassificationExample.app */ = {isa = PBXFileReference; explicitFileType = wrapper.application; includeInIndex = 0; path = MLImageClassificationExample.app; sourceTree = BUILT_PRODUCTS_DIR; };
		CABC307E2E7AE60900C6C848 /* RecordPhotoExample.app */ = {isa = PBXFileReference; explicitFileType = wrapper.application; includeInIndex = 0; path = RecordPhotoExample.app; sourceTree = BUILT_PRODUCTS_DIR; };
		F449CA2F2E5F209E00A1FDFF /* NalssiOtjang.app */ = {isa = PBXFileReference; explicitFileType = wrapper.application; includeInIndex = 0; path = NalssiOtjang.app; sourceTree = BUILT_PRODUCTS_DIR; };
		F449CA3E2E5F20A000A1FDFF /* NalssiOtjangTests.xctest */ = {isa = PBXFileReference; explicitFileType = wrapper.cfbundle; includeInIndex = 0; path = NalssiOtjangTests.xctest; sourceTree = BUILT_PRODUCTS_DIR; };
		F449CA482E5F20A000A1FDFF /* NalssiOtjangUITests.xctest */ = {isa = PBXFileReference; explicitFileType = wrapper.cfbundle; includeInIndex = 0; path = NalssiOtjangUITests.xctest; sourceTree = BUILT_PRODUCTS_DIR; };
		F4C1786F2E798A4C004DAC5C /* CaptureSessionExample.app */ = {isa = PBXFileReference; explicitFileType = wrapper.application; includeInIndex = 0; path = CaptureSessionExample.app; sourceTree = BUILT_PRODUCTS_DIR; };
		F4C6570E2E6DAB1C00B26139 /* DesignSystemExample.app */ = {isa = PBXFileReference; explicitFileType = wrapper.application; includeInIndex = 0; path = DesignSystemExample.app; sourceTree = BUILT_PRODUCTS_DIR; };
/* End PBXFileReference section */

/* Begin PBXFileSystemSynchronizedBuildFileExceptionSet section */
		CA740FA12E9F7DA700A306EF /* Exceptions for "NalssiOtjang" folder in "MLImageClassificationExample" target */ = {
			isa = PBXFileSystemSynchronizedBuildFileExceptionSet;
			membershipExceptions = (
				Core/Examples/MLImageClassificationExample/Assets.xcassets,
				Core/Examples/MLImageClassificationExample/ContentView.swift,
				Core/Examples/MLImageClassificationExample/MLImageClassificationExampleApp.swift,
			);
			target = CA740F8E2E9F7D9E00A306EF /* MLImageClassificationExample */;
		};
		CABC30902E7AE60F00C6C848 /* Exceptions for "NalssiOtjang" folder in "RecordPhotoExample" target */ = {
			isa = PBXFileSystemSynchronizedBuildFileExceptionSet;
			membershipExceptions = (
				Feature/Examples/RecordPhotoExample/RecordPhotoExampleApp.swift,
			);
			target = CABC307D2E7AE60900C6C848 /* RecordPhotoExample */;
		};
		F4A36B4E2E6713BB009A76AD /* Exceptions for "NalssiOtjang" folder in "NalssiOtjang" target */ = {
			isa = PBXFileSystemSynchronizedBuildFileExceptionSet;
			membershipExceptions = (
				Core/Examples/MLImageClassificationExample/Assets.xcassets,
				Core/Examples/MLImageClassificationExample/ContentView.swift,
				Core/Examples/MLImageClassificationExample/MLImageClassificationExampleApp.swift,
				Core/Log,
				Core/Router,
				Domain/Clothes,
				Feature/Examples/RecordPhotoExample/RecordPhotoExampleApp.swift,
				Feature/RecordPhoto,
				Shared/DesignSystem,
				Shared/Example/DesignSystemExample/DesignSystemExampleApp.swift,
				Shared/Example/DesignSystemExample/View/DesignSystemExampleView.swift,
				Shared/Util,
			);
			target = F449CA2E2E5F209E00A1FDFF /* NalssiOtjang */;
		};
		F4C657232E6DAB5100B26139 /* Exceptions for "NalssiOtjang" folder in "DesignSystemExample" target */ = {
			isa = PBXFileSystemSynchronizedBuildFileExceptionSet;
			membershipExceptions = (
				Shared/Example/DesignSystemExample/DesignSystemExampleApp.swift,
				Shared/Example/DesignSystemExample/View/ColorSystemView.swift,
				Shared/Example/DesignSystemExample/View/DesignSystemExampleView.swift,
			);
			target = F4C6570D2E6DAB1C00B26139 /* DesignSystemExample */;
		};
/* End PBXFileSystemSynchronizedBuildFileExceptionSet section */

/* Begin PBXFileSystemSynchronizedRootGroup section */
		F449CA312E5F209E00A1FDFF /* NalssiOtjang */ = {
			isa = PBXFileSystemSynchronizedRootGroup;
			exceptions = (
				F4A36B4E2E6713BB009A76AD /* Exceptions for "NalssiOtjang" folder in "NalssiOtjang" target */,
				F4C657232E6DAB5100B26139 /* Exceptions for "NalssiOtjang" folder in "DesignSystemExample" target */,
				CABC30902E7AE60F00C6C848 /* Exceptions for "NalssiOtjang" folder in "RecordPhotoExample" target */,
				CA740FA12E9F7DA700A306EF /* Exceptions for "NalssiOtjang" folder in "MLImageClassificationExample" target */,
			);
			path = NalssiOtjang;
			sourceTree = "<group>";
		};
/* End PBXFileSystemSynchronizedRootGroup section */

/* Begin PBXFrameworksBuildPhase section */
		CA740F8C2E9F7D9E00A306EF /* Frameworks */ = {
			isa = PBXFrameworksBuildPhase;
			buildActionMask = 2147483647;
			files = (
				CA740FA72E9F7E2B00A306EF /* CoreMLImageClassifier in Frameworks */,
			);
			runOnlyForDeploymentPostprocessing = 0;
		};
		CABC307B2E7AE60900C6C848 /* Frameworks */ = {
			isa = PBXFrameworksBuildPhase;
			buildActionMask = 2147483647;
			files = (
				CA07B6762EA7C41900287A39 /* DomainClothes in Frameworks */,
				CAF5AECF2E8231C1007759B6 /* CoreRouter in Frameworks */,
				CAF5AEF72E8256A4007759B6 /* CoreCaptureSession in Frameworks */,
				CAF5AECD2E8135F2007759B6 /* FeatureRecordPhoto in Frameworks */,
				CA78D8FA2EA7B2AB006BD951 /* CoreMLImageClassifier in Frameworks */,
			);
			runOnlyForDeploymentPostprocessing = 0;
		};
		F449CA2C2E5F209E00A1FDFF /* Frameworks */ = {
			isa = PBXFrameworksBuildPhase;
			buildActionMask = 2147483647;
			files = (
			);
			runOnlyForDeploymentPostprocessing = 0;
		};
		F449CA3B2E5F20A000A1FDFF /* Frameworks */ = {
			isa = PBXFrameworksBuildPhase;
			buildActionMask = 2147483647;
			files = (
			);
			runOnlyForDeploymentPostprocessing = 0;
		};
		F449CA452E5F20A000A1FDFF /* Frameworks */ = {
			isa = PBXFrameworksBuildPhase;
			buildActionMask = 2147483647;
			files = (
			);
			runOnlyForDeploymentPostprocessing = 0;
		};
		F4C1786C2E798A4C004DAC5C /* Frameworks */ = {
			isa = PBXFrameworksBuildPhase;
			buildActionMask = 2147483647;
			files = (
				F4C178832E798FCA004DAC5C /* CaptureSessionFeature in Frameworks */,
			);
			runOnlyForDeploymentPostprocessing = 0;
		};
		F4C6570B2E6DAB1C00B26139 /* Frameworks */ = {
			isa = PBXFrameworksBuildPhase;
			buildActionMask = 2147483647;
			files = (
				F4C6571A2E6DAB2500B26139 /* SharedDesignSystem in Frameworks */,
			);
			runOnlyForDeploymentPostprocessing = 0;
		};
/* End PBXFrameworksBuildPhase section */

/* Begin PBXGroup section */
		F449CA262E5F209E00A1FDFF = {
			isa = PBXGroup;
			children = (
				F449CA312E5F209E00A1FDFF /* NalssiOtjang */,
				F4C656D92E6DA6CD00B26139 /* Frameworks */,
				F449CA302E5F209E00A1FDFF /* Products */,
			);
			sourceTree = "<group>";
		};
		F449CA302E5F209E00A1FDFF /* Products */ = {
			isa = PBXGroup;
			children = (
				F449CA2F2E5F209E00A1FDFF /* NalssiOtjang.app */,
				F449CA3E2E5F20A000A1FDFF /* NalssiOtjangTests.xctest */,
				F449CA482E5F20A000A1FDFF /* NalssiOtjangUITests.xctest */,
				F4C6570E2E6DAB1C00B26139 /* DesignSystemExample.app */,
				F4C1786F2E798A4C004DAC5C /* CaptureSessionExample.app */,
				CABC307E2E7AE60900C6C848 /* RecordPhotoExample.app */,
				CA740F8F2E9F7D9E00A306EF /* MLImageClassificationExample.app */,
			);
			name = Products;
			sourceTree = "<group>";
		};
		F4C656D92E6DA6CD00B26139 /* Frameworks */ = {
			isa = PBXGroup;
			children = (
			);
			name = Frameworks;
			sourceTree = "<group>";
		};
/* End PBXGroup section */

/* Begin PBXNativeTarget section */
		CA740F8E2E9F7D9E00A306EF /* MLImageClassificationExample */ = {
			isa = PBXNativeTarget;
			buildConfigurationList = CA740F972E9F7D9F00A306EF /* Build configuration list for PBXNativeTarget "MLImageClassificationExample" */;
			buildPhases = (
				CA740F8B2E9F7D9E00A306EF /* Sources */,
				CA740F8C2E9F7D9E00A306EF /* Frameworks */,
				CA740F8D2E9F7D9E00A306EF /* Resources */,
			);
			buildRules = (
			);
			dependencies = (
			);
			name = MLImageClassificationExample;
			packageProductDependencies = (
				CA740FA62E9F7E2B00A306EF /* CoreMLImageClassifier */,
			);
			productName = MLImageClassificationExample;
			productReference = CA740F8F2E9F7D9E00A306EF /* MLImageClassificationExample.app */;
			productType = "com.apple.product-type.application";
		};
		CABC307D2E7AE60900C6C848 /* RecordPhotoExample */ = {
			isa = PBXNativeTarget;
			buildConfigurationList = CABC30862E7AE60A00C6C848 /* Build configuration list for PBXNativeTarget "RecordPhotoExample" */;
			buildPhases = (
				CABC307A2E7AE60900C6C848 /* Sources */,
				CABC307B2E7AE60900C6C848 /* Frameworks */,
				CABC307C2E7AE60900C6C848 /* Resources */,
			);
			buildRules = (
			);
			dependencies = (
			);
			name = RecordPhotoExample;
			packageProductDependencies = (
				CAF5AECC2E8135F2007759B6 /* FeatureRecordPhoto */,
				CAF5AECE2E8231C1007759B6 /* CoreRouter */,
				CAF5AEF62E8256A4007759B6 /* CoreCaptureSession */,
				CA78D8F92EA7B2AB006BD951 /* CoreMLImageClassifier */,
				CA07B6752EA7C41900287A39 /* DomainClothes */,
			);
			productName = RecordPhotoExample;
			productReference = CABC307E2E7AE60900C6C848 /* RecordPhotoExample.app */;
			productType = "com.apple.product-type.application";
		};
		F449CA2E2E5F209E00A1FDFF /* NalssiOtjang */ = {
			isa = PBXNativeTarget;
			buildConfigurationList = F449CA522E5F20A000A1FDFF /* Build configuration list for PBXNativeTarget "NalssiOtjang" */;
			buildPhases = (
				F449CA2B2E5F209E00A1FDFF /* Sources */,
				F449CA2C2E5F209E00A1FDFF /* Frameworks */,
				F449CA2D2E5F209E00A1FDFF /* Resources */,
			);
			buildRules = (
			);
			dependencies = (
			);
			fileSystemSynchronizedGroups = (
				F449CA312E5F209E00A1FDFF /* NalssiOtjang */,
			);
			name = NalssiOtjang;
			packageProductDependencies = (
			);
			productName = OndoOtjang;
			productReference = F449CA2F2E5F209E00A1FDFF /* NalssiOtjang.app */;
			productType = "com.apple.product-type.application";
		};
		F449CA3D2E5F20A000A1FDFF /* NalssiOtjangTests */ = {
			isa = PBXNativeTarget;
			buildConfigurationList = F449CA552E5F20A000A1FDFF /* Build configuration list for PBXNativeTarget "NalssiOtjangTests" */;
			buildPhases = (
				F449CA3A2E5F20A000A1FDFF /* Sources */,
				F449CA3B2E5F20A000A1FDFF /* Frameworks */,
				F449CA3C2E5F20A000A1FDFF /* Resources */,
			);
			buildRules = (
			);
			dependencies = (
				F449CA402E5F20A000A1FDFF /* PBXTargetDependency */,
			);
			name = NalssiOtjangTests;
			packageProductDependencies = (
			);
			productName = OndoOtjangTests;
			productReference = F449CA3E2E5F20A000A1FDFF /* NalssiOtjangTests.xctest */;
			productType = "com.apple.product-type.bundle.unit-test";
		};
		F449CA472E5F20A000A1FDFF /* NalssiOtjangUITests */ = {
			isa = PBXNativeTarget;
			buildConfigurationList = F449CA582E5F20A000A1FDFF /* Build configuration list for PBXNativeTarget "NalssiOtjangUITests" */;
			buildPhases = (
				F449CA442E5F20A000A1FDFF /* Sources */,
				F449CA452E5F20A000A1FDFF /* Frameworks */,
				F449CA462E5F20A000A1FDFF /* Resources */,
			);
			buildRules = (
			);
			dependencies = (
				F449CA4A2E5F20A000A1FDFF /* PBXTargetDependency */,
			);
			name = NalssiOtjangUITests;
			packageProductDependencies = (
			);
			productName = OndoOtjangUITests;
			productReference = F449CA482E5F20A000A1FDFF /* NalssiOtjangUITests.xctest */;
			productType = "com.apple.product-type.bundle.ui-testing";
		};
		F4C1786E2E798A4C004DAC5C /* CaptureSessionExample */ = {
			isa = PBXNativeTarget;
			buildConfigurationList = F4C178772E798A4D004DAC5C /* Build configuration list for PBXNativeTarget "CaptureSessionExample" */;
			buildPhases = (
				F4C1786B2E798A4C004DAC5C /* Sources */,
				F4C1786C2E798A4C004DAC5C /* Frameworks */,
				F4C1786D2E798A4C004DAC5C /* Resources */,
			);
			buildRules = (
			);
			dependencies = (
			);
			name = CaptureSessionExample;
			packageProductDependencies = (
				F4C178822E798FCA004DAC5C /* CaptureSessionFeature */,
			);
			productName = CaptureSessionExample;
			productReference = F4C1786F2E798A4C004DAC5C /* CaptureSessionExample.app */;
			productType = "com.apple.product-type.application";
		};
		F4C6570D2E6DAB1C00B26139 /* DesignSystemExample */ = {
			isa = PBXNativeTarget;
			buildConfigurationList = F4C657162E6DAB1D00B26139 /* Build configuration list for PBXNativeTarget "DesignSystemExample" */;
			buildPhases = (
				F4C6570A2E6DAB1C00B26139 /* Sources */,
				F4C6570B2E6DAB1C00B26139 /* Frameworks */,
				F4C6570C2E6DAB1C00B26139 /* Resources */,
			);
			buildRules = (
			);
			dependencies = (
			);
			name = DesignSystemExample;
			packageProductDependencies = (
				F4C657192E6DAB2500B26139 /* SharedDesignSystem */,
			);
			productName = DesignSystemExample;
			productReference = F4C6570E2E6DAB1C00B26139 /* DesignSystemExample.app */;
			productType = "com.apple.product-type.application";
		};
/* End PBXNativeTarget section */

/* Begin PBXProject section */
		F449CA272E5F209E00A1FDFF /* Project object */ = {
			isa = PBXProject;
			attributes = {
				BuildIndependentTargetsInParallel = 1;
				LastSwiftUpdateCheck = 2600;
				LastUpgradeCheck = 2600;
				TargetAttributes = {
					CA740F8E2E9F7D9E00A306EF = {
						CreatedOnToolsVersion = 26.0;
					};
					CABC307D2E7AE60900C6C848 = {
						CreatedOnToolsVersion = 26.0;
					};
					F449CA2E2E5F209E00A1FDFF = {
						CreatedOnToolsVersion = 26.0;
					};
					F449CA3D2E5F20A000A1FDFF = {
						CreatedOnToolsVersion = 26.0;
						TestTargetID = F449CA2E2E5F209E00A1FDFF;
					};
					F449CA472E5F20A000A1FDFF = {
						CreatedOnToolsVersion = 26.0;
						TestTargetID = F449CA2E2E5F209E00A1FDFF;
					};
					F4C1786E2E798A4C004DAC5C = {
						CreatedOnToolsVersion = 26.0;
					};
					F4C6570D2E6DAB1C00B26139 = {
						CreatedOnToolsVersion = 26.0;
					};
				};
			};
			buildConfigurationList = F449CA2A2E5F209E00A1FDFF /* Build configuration list for PBXProject "NalssiOtjang" */;
			developmentRegion = en;
			hasScannedForEncodings = 0;
			knownRegions = (
				en,
				Base,
			);
			mainGroup = F449CA262E5F209E00A1FDFF;
			minimizedProjectReferenceProxies = 1;
			packageReferences = (
			);
			preferredProjectObjectVersion = 77;
			productRefGroup = F449CA302E5F209E00A1FDFF /* Products */;
			projectDirPath = "";
			projectRoot = "";
			targets = (
				F449CA2E2E5F209E00A1FDFF /* NalssiOtjang */,
				F449CA3D2E5F20A000A1FDFF /* NalssiOtjangTests */,
				F449CA472E5F20A000A1FDFF /* NalssiOtjangUITests */,
				F4C6570D2E6DAB1C00B26139 /* DesignSystemExample */,
				F4C1786E2E798A4C004DAC5C /* CaptureSessionExample */,
				CABC307D2E7AE60900C6C848 /* RecordPhotoExample */,
				CA740F8E2E9F7D9E00A306EF /* MLImageClassificationExample */,
			);
		};
/* End PBXProject section */

/* Begin PBXResourcesBuildPhase section */
		CA740F8D2E9F7D9E00A306EF /* Resources */ = {
			isa = PBXResourcesBuildPhase;
			buildActionMask = 2147483647;
			files = (
			);
			runOnlyForDeploymentPostprocessing = 0;
		};
		CABC307C2E7AE60900C6C848 /* Resources */ = {
			isa = PBXResourcesBuildPhase;
			buildActionMask = 2147483647;
			files = (
			);
			runOnlyForDeploymentPostprocessing = 0;
		};
		F449CA2D2E5F209E00A1FDFF /* Resources */ = {
			isa = PBXResourcesBuildPhase;
			buildActionMask = 2147483647;
			files = (
			);
			runOnlyForDeploymentPostprocessing = 0;
		};
		F449CA3C2E5F20A000A1FDFF /* Resources */ = {
			isa = PBXResourcesBuildPhase;
			buildActionMask = 2147483647;
			files = (
			);
			runOnlyForDeploymentPostprocessing = 0;
		};
		F449CA462E5F20A000A1FDFF /* Resources */ = {
			isa = PBXResourcesBuildPhase;
			buildActionMask = 2147483647;
			files = (
			);
			runOnlyForDeploymentPostprocessing = 0;
		};
		F4C1786D2E798A4C004DAC5C /* Resources */ = {
			isa = PBXResourcesBuildPhase;
			buildActionMask = 2147483647;
			files = (
			);
			runOnlyForDeploymentPostprocessing = 0;
		};
		F4C6570C2E6DAB1C00B26139 /* Resources */ = {
			isa = PBXResourcesBuildPhase;
			buildActionMask = 2147483647;
			files = (
			);
			runOnlyForDeploymentPostprocessing = 0;
		};
/* End PBXResourcesBuildPhase section */

/* Begin PBXSourcesBuildPhase section */
		CA740F8B2E9F7D9E00A306EF /* Sources */ = {
			isa = PBXSourcesBuildPhase;
			buildActionMask = 2147483647;
			files = (
			);
			runOnlyForDeploymentPostprocessing = 0;
		};
		CABC307A2E7AE60900C6C848 /* Sources */ = {
			isa = PBXSourcesBuildPhase;
			buildActionMask = 2147483647;
			files = (
			);
			runOnlyForDeploymentPostprocessing = 0;
		};
		F449CA2B2E5F209E00A1FDFF /* Sources */ = {
			isa = PBXSourcesBuildPhase;
			buildActionMask = 2147483647;
			files = (
			);
			runOnlyForDeploymentPostprocessing = 0;
		};
		F449CA3A2E5F20A000A1FDFF /* Sources */ = {
			isa = PBXSourcesBuildPhase;
			buildActionMask = 2147483647;
			files = (
			);
			runOnlyForDeploymentPostprocessing = 0;
		};
		F449CA442E5F20A000A1FDFF /* Sources */ = {
			isa = PBXSourcesBuildPhase;
			buildActionMask = 2147483647;
			files = (
			);
			runOnlyForDeploymentPostprocessing = 0;
		};
		F4C1786B2E798A4C004DAC5C /* Sources */ = {
			isa = PBXSourcesBuildPhase;
			buildActionMask = 2147483647;
			files = (
			);
			runOnlyForDeploymentPostprocessing = 0;
		};
		F4C6570A2E6DAB1C00B26139 /* Sources */ = {
			isa = PBXSourcesBuildPhase;
			buildActionMask = 2147483647;
			files = (
			);
			runOnlyForDeploymentPostprocessing = 0;
		};
/* End PBXSourcesBuildPhase section */

/* Begin PBXTargetDependency section */
		F449CA402E5F20A000A1FDFF /* PBXTargetDependency */ = {
			isa = PBXTargetDependency;
			target = F449CA2E2E5F209E00A1FDFF /* NalssiOtjang */;
			targetProxy = F449CA3F2E5F20A000A1FDFF /* PBXContainerItemProxy */;
		};
		F449CA4A2E5F20A000A1FDFF /* PBXTargetDependency */ = {
			isa = PBXTargetDependency;
			target = F449CA2E2E5F209E00A1FDFF /* NalssiOtjang */;
			targetProxy = F449CA492E5F20A000A1FDFF /* PBXContainerItemProxy */;
		};
/* End PBXTargetDependency section */

/* Begin XCBuildConfiguration section */
		CA740F982E9F7D9F00A306EF /* Debug */ = {
			isa = XCBuildConfiguration;
			buildSettings = {
				ASSETCATALOG_COMPILER_APPICON_NAME = AppIcon;
				ASSETCATALOG_COMPILER_GLOBAL_ACCENT_COLOR_NAME = AccentColor;
				CODE_SIGN_STYLE = Automatic;
				CURRENT_PROJECT_VERSION = 1;
				DEVELOPMENT_TEAM = WBG9V97XP4;
				ENABLE_PREVIEWS = YES;
				GENERATE_INFOPLIST_FILE = YES;
				INFOPLIST_KEY_UIApplicationSceneManifest_Generation = YES;
				INFOPLIST_KEY_UIApplicationSupportsIndirectInputEvents = YES;
				INFOPLIST_KEY_UILaunchScreen_Generation = YES;
				INFOPLIST_KEY_UISupportedInterfaceOrientations_iPad = "UIInterfaceOrientationPortrait UIInterfaceOrientationPortraitUpsideDown UIInterfaceOrientationLandscapeLeft UIInterfaceOrientationLandscapeRight";
				INFOPLIST_KEY_UISupportedInterfaceOrientations_iPhone = "UIInterfaceOrientationPortrait UIInterfaceOrientationLandscapeLeft UIInterfaceOrientationLandscapeRight";
				LD_RUNPATH_SEARCH_PATHS = (
					"$(inherited)",
					"@executable_path/Frameworks",
				);
				MARKETING_VERSION = 1.0;
				PRODUCT_BUNDLE_IDENTIFIER = colin.MLImageClassificationExample;
				PRODUCT_NAME = "$(TARGET_NAME)";
				STRING_CATALOG_GENERATE_SYMBOLS = YES;
				SWIFT_APPROACHABLE_CONCURRENCY = YES;
				SWIFT_DEFAULT_ACTOR_ISOLATION = MainActor;
				SWIFT_EMIT_LOC_STRINGS = YES;
				SWIFT_UPCOMING_FEATURE_MEMBER_IMPORT_VISIBILITY = YES;
				SWIFT_VERSION = 5.0;
				TARGETED_DEVICE_FAMILY = "1,2";
			};
			name = Debug;
		};
		CA740F992E9F7D9F00A306EF /* Release */ = {
			isa = XCBuildConfiguration;
			buildSettings = {
				ASSETCATALOG_COMPILER_APPICON_NAME = AppIcon;
				ASSETCATALOG_COMPILER_GLOBAL_ACCENT_COLOR_NAME = AccentColor;
				CODE_SIGN_STYLE = Automatic;
				CURRENT_PROJECT_VERSION = 1;
				DEVELOPMENT_TEAM = WBG9V97XP4;
				ENABLE_PREVIEWS = YES;
				GENERATE_INFOPLIST_FILE = YES;
				INFOPLIST_KEY_UIApplicationSceneManifest_Generation = YES;
				INFOPLIST_KEY_UIApplicationSupportsIndirectInputEvents = YES;
				INFOPLIST_KEY_UILaunchScreen_Generation = YES;
				INFOPLIST_KEY_UISupportedInterfaceOrientations_iPad = "UIInterfaceOrientationPortrait UIInterfaceOrientationPortraitUpsideDown UIInterfaceOrientationLandscapeLeft UIInterfaceOrientationLandscapeRight";
				INFOPLIST_KEY_UISupportedInterfaceOrientations_iPhone = "UIInterfaceOrientationPortrait UIInterfaceOrientationLandscapeLeft UIInterfaceOrientationLandscapeRight";
				LD_RUNPATH_SEARCH_PATHS = (
					"$(inherited)",
					"@executable_path/Frameworks",
				);
				MARKETING_VERSION = 1.0;
				PRODUCT_BUNDLE_IDENTIFIER = colin.MLImageClassificationExample;
				PRODUCT_NAME = "$(TARGET_NAME)";
				STRING_CATALOG_GENERATE_SYMBOLS = YES;
				SWIFT_APPROACHABLE_CONCURRENCY = YES;
				SWIFT_DEFAULT_ACTOR_ISOLATION = MainActor;
				SWIFT_EMIT_LOC_STRINGS = YES;
				SWIFT_UPCOMING_FEATURE_MEMBER_IMPORT_VISIBILITY = YES;
				SWIFT_VERSION = 5.0;
				TARGETED_DEVICE_FAMILY = "1,2";
			};
			name = Release;
		};
		CABC30872E7AE60A00C6C848 /* Debug */ = {
			isa = XCBuildConfiguration;
			buildSettings = {
				ASSETCATALOG_COMPILER_APPICON_NAME = AppIcon;
				ASSETCATALOG_COMPILER_GLOBAL_ACCENT_COLOR_NAME = AccentColor;
				CODE_SIGN_STYLE = Automatic;
				CURRENT_PROJECT_VERSION = 1;
				DEVELOPMENT_TEAM = WBG9V97XP4;
				ENABLE_PREVIEWS = YES;
				GENERATE_INFOPLIST_FILE = YES;
				INFOPLIST_KEY_NSCameraUsageDescription = "";
				INFOPLIST_KEY_UIApplicationSceneManifest_Generation = YES;
				INFOPLIST_KEY_UIApplicationSupportsIndirectInputEvents = YES;
				INFOPLIST_KEY_UILaunchScreen_Generation = YES;
				INFOPLIST_KEY_UISupportedInterfaceOrientations_iPad = "UIInterfaceOrientationPortrait UIInterfaceOrientationPortraitUpsideDown UIInterfaceOrientationLandscapeLeft UIInterfaceOrientationLandscapeRight";
				INFOPLIST_KEY_UISupportedInterfaceOrientations_iPhone = "UIInterfaceOrientationPortrait UIInterfaceOrientationLandscapeLeft UIInterfaceOrientationLandscapeRight";
				LD_RUNPATH_SEARCH_PATHS = (
					"$(inherited)",
					"@executable_path/Frameworks",
				);
				MARKETING_VERSION = 1.0;
				PRODUCT_BUNDLE_IDENTIFIER = colin.OndoOtjang.RecordPhotoExample;
				PRODUCT_NAME = "$(TARGET_NAME)";
				STRING_CATALOG_GENERATE_SYMBOLS = YES;
				SWIFT_APPROACHABLE_CONCURRENCY = YES;
				SWIFT_DEFAULT_ACTOR_ISOLATION = MainActor;
				SWIFT_EMIT_LOC_STRINGS = YES;
				SWIFT_UPCOMING_FEATURE_MEMBER_IMPORT_VISIBILITY = YES;
				SWIFT_VERSION = 5.0;
				TARGETED_DEVICE_FAMILY = "1,2";
			};
			name = Debug;
		};
		CABC30882E7AE60A00C6C848 /* Release */ = {
			isa = XCBuildConfiguration;
			buildSettings = {
				ASSETCATALOG_COMPILER_APPICON_NAME = AppIcon;
				ASSETCATALOG_COMPILER_GLOBAL_ACCENT_COLOR_NAME = AccentColor;
				CODE_SIGN_STYLE = Automatic;
				CURRENT_PROJECT_VERSION = 1;
				DEVELOPMENT_TEAM = WBG9V97XP4;
				ENABLE_PREVIEWS = YES;
				GENERATE_INFOPLIST_FILE = YES;
				INFOPLIST_KEY_NSCameraUsageDescription = "";
				INFOPLIST_KEY_UIApplicationSceneManifest_Generation = YES;
				INFOPLIST_KEY_UIApplicationSupportsIndirectInputEvents = YES;
				INFOPLIST_KEY_UILaunchScreen_Generation = YES;
				INFOPLIST_KEY_UISupportedInterfaceOrientations_iPad = "UIInterfaceOrientationPortrait UIInterfaceOrientationPortraitUpsideDown UIInterfaceOrientationLandscapeLeft UIInterfaceOrientationLandscapeRight";
				INFOPLIST_KEY_UISupportedInterfaceOrientations_iPhone = "UIInterfaceOrientationPortrait UIInterfaceOrientationLandscapeLeft UIInterfaceOrientationLandscapeRight";
				LD_RUNPATH_SEARCH_PATHS = (
					"$(inherited)",
					"@executable_path/Frameworks",
				);
				MARKETING_VERSION = 1.0;
				PRODUCT_BUNDLE_IDENTIFIER = colin.OndoOtjang.RecordPhotoExample;
				PRODUCT_NAME = "$(TARGET_NAME)";
				STRING_CATALOG_GENERATE_SYMBOLS = YES;
				SWIFT_APPROACHABLE_CONCURRENCY = YES;
				SWIFT_DEFAULT_ACTOR_ISOLATION = MainActor;
				SWIFT_EMIT_LOC_STRINGS = YES;
				SWIFT_UPCOMING_FEATURE_MEMBER_IMPORT_VISIBILITY = YES;
				SWIFT_VERSION = 5.0;
				TARGETED_DEVICE_FAMILY = "1,2";
			};
			name = Release;
		};
		F449CA502E5F20A000A1FDFF /* Debug */ = {
			isa = XCBuildConfiguration;
			buildSettings = {
				ALWAYS_SEARCH_USER_PATHS = NO;
				ASSETCATALOG_COMPILER_GENERATE_SWIFT_ASSET_SYMBOL_EXTENSIONS = YES;
				CLANG_ANALYZER_NONNULL = YES;
				CLANG_ANALYZER_NUMBER_OBJECT_CONVERSION = YES_AGGRESSIVE;
				CLANG_CXX_LANGUAGE_STANDARD = "gnu++20";
				CLANG_ENABLE_MODULES = YES;
				CLANG_ENABLE_OBJC_ARC = YES;
				CLANG_ENABLE_OBJC_WEAK = YES;
				CLANG_WARN_BLOCK_CAPTURE_AUTORELEASING = YES;
				CLANG_WARN_BOOL_CONVERSION = YES;
				CLANG_WARN_COMMA = YES;
				CLANG_WARN_CONSTANT_CONVERSION = YES;
				CLANG_WARN_DEPRECATED_OBJC_IMPLEMENTATIONS = YES;
				CLANG_WARN_DIRECT_OBJC_ISA_USAGE = YES_ERROR;
				CLANG_WARN_DOCUMENTATION_COMMENTS = YES;
				CLANG_WARN_EMPTY_BODY = YES;
				CLANG_WARN_ENUM_CONVERSION = YES;
				CLANG_WARN_INFINITE_RECURSION = YES;
				CLANG_WARN_INT_CONVERSION = YES;
				CLANG_WARN_NON_LITERAL_NULL_CONVERSION = YES;
				CLANG_WARN_OBJC_IMPLICIT_RETAIN_SELF = YES;
				CLANG_WARN_OBJC_LITERAL_CONVERSION = YES;
				CLANG_WARN_OBJC_ROOT_CLASS = YES_ERROR;
				CLANG_WARN_QUOTED_INCLUDE_IN_FRAMEWORK_HEADER = YES;
				CLANG_WARN_RANGE_LOOP_ANALYSIS = YES;
				CLANG_WARN_STRICT_PROTOTYPES = YES;
				CLANG_WARN_SUSPICIOUS_MOVE = YES;
				CLANG_WARN_UNGUARDED_AVAILABILITY = YES_AGGRESSIVE;
				CLANG_WARN_UNREACHABLE_CODE = YES;
				CLANG_WARN__DUPLICATE_METHOD_MATCH = YES;
				COPY_PHASE_STRIP = NO;
				DEBUG_INFORMATION_FORMAT = dwarf;
				DEVELOPMENT_TEAM = WBG9V97XP4;
				ENABLE_STRICT_OBJC_MSGSEND = YES;
				ENABLE_TESTABILITY = YES;
				ENABLE_USER_SCRIPT_SANDBOXING = YES;
				GCC_C_LANGUAGE_STANDARD = gnu17;
				GCC_DYNAMIC_NO_PIC = NO;
				GCC_NO_COMMON_BLOCKS = YES;
				GCC_OPTIMIZATION_LEVEL = 0;
				GCC_PREPROCESSOR_DEFINITIONS = (
					"DEBUG=1",
					"$(inherited)",
				);
				GCC_WARN_64_TO_32_BIT_CONVERSION = YES;
				GCC_WARN_ABOUT_RETURN_TYPE = YES_ERROR;
				GCC_WARN_UNDECLARED_SELECTOR = YES;
				GCC_WARN_UNINITIALIZED_AUTOS = YES_AGGRESSIVE;
				GCC_WARN_UNUSED_FUNCTION = YES;
				GCC_WARN_UNUSED_VARIABLE = YES;
				IPHONEOS_DEPLOYMENT_TARGET = 26.0;
				LOCALIZATION_PREFERS_STRING_CATALOGS = YES;
				MTL_ENABLE_DEBUG_INFO = INCLUDE_SOURCE;
				MTL_FAST_MATH = YES;
				ONLY_ACTIVE_ARCH = YES;
				SDKROOT = iphoneos;
				SWIFT_ACTIVE_COMPILATION_CONDITIONS = "DEBUG $(inherited)";
				SWIFT_OPTIMIZATION_LEVEL = "-Onone";
			};
			name = Debug;
		};
		F449CA512E5F20A000A1FDFF /* Release */ = {
			isa = XCBuildConfiguration;
			buildSettings = {
				ALWAYS_SEARCH_USER_PATHS = NO;
				ASSETCATALOG_COMPILER_GENERATE_SWIFT_ASSET_SYMBOL_EXTENSIONS = YES;
				CLANG_ANALYZER_NONNULL = YES;
				CLANG_ANALYZER_NUMBER_OBJECT_CONVERSION = YES_AGGRESSIVE;
				CLANG_CXX_LANGUAGE_STANDARD = "gnu++20";
				CLANG_ENABLE_MODULES = YES;
				CLANG_ENABLE_OBJC_ARC = YES;
				CLANG_ENABLE_OBJC_WEAK = YES;
				CLANG_WARN_BLOCK_CAPTURE_AUTORELEASING = YES;
				CLANG_WARN_BOOL_CONVERSION = YES;
				CLANG_WARN_COMMA = YES;
				CLANG_WARN_CONSTANT_CONVERSION = YES;
				CLANG_WARN_DEPRECATED_OBJC_IMPLEMENTATIONS = YES;
				CLANG_WARN_DIRECT_OBJC_ISA_USAGE = YES_ERROR;
				CLANG_WARN_DOCUMENTATION_COMMENTS = YES;
				CLANG_WARN_EMPTY_BODY = YES;
				CLANG_WARN_ENUM_CONVERSION = YES;
				CLANG_WARN_INFINITE_RECURSION = YES;
				CLANG_WARN_INT_CONVERSION = YES;
				CLANG_WARN_NON_LITERAL_NULL_CONVERSION = YES;
				CLANG_WARN_OBJC_IMPLICIT_RETAIN_SELF = YES;
				CLANG_WARN_OBJC_LITERAL_CONVERSION = YES;
				CLANG_WARN_OBJC_ROOT_CLASS = YES_ERROR;
				CLANG_WARN_QUOTED_INCLUDE_IN_FRAMEWORK_HEADER = YES;
				CLANG_WARN_RANGE_LOOP_ANALYSIS = YES;
				CLANG_WARN_STRICT_PROTOTYPES = YES;
				CLANG_WARN_SUSPICIOUS_MOVE = YES;
				CLANG_WARN_UNGUARDED_AVAILABILITY = YES_AGGRESSIVE;
				CLANG_WARN_UNREACHABLE_CODE = YES;
				CLANG_WARN__DUPLICATE_METHOD_MATCH = YES;
				COPY_PHASE_STRIP = NO;
				DEBUG_INFORMATION_FORMAT = "dwarf-with-dsym";
				DEVELOPMENT_TEAM = WBG9V97XP4;
				ENABLE_NS_ASSERTIONS = NO;
				ENABLE_STRICT_OBJC_MSGSEND = YES;
				ENABLE_USER_SCRIPT_SANDBOXING = YES;
				GCC_C_LANGUAGE_STANDARD = gnu17;
				GCC_NO_COMMON_BLOCKS = YES;
				GCC_WARN_64_TO_32_BIT_CONVERSION = YES;
				GCC_WARN_ABOUT_RETURN_TYPE = YES_ERROR;
				GCC_WARN_UNDECLARED_SELECTOR = YES;
				GCC_WARN_UNINITIALIZED_AUTOS = YES_AGGRESSIVE;
				GCC_WARN_UNUSED_FUNCTION = YES;
				GCC_WARN_UNUSED_VARIABLE = YES;
				IPHONEOS_DEPLOYMENT_TARGET = 26.0;
				LOCALIZATION_PREFERS_STRING_CATALOGS = YES;
				MTL_ENABLE_DEBUG_INFO = NO;
				MTL_FAST_MATH = YES;
				SDKROOT = iphoneos;
				SWIFT_COMPILATION_MODE = wholemodule;
				VALIDATE_PRODUCT = YES;
			};
			name = Release;
		};
		F449CA532E5F20A000A1FDFF /* Debug */ = {
			isa = XCBuildConfiguration;
			buildSettings = {
				ASSETCATALOG_COMPILER_APPICON_NAME = AppIcon;
				ASSETCATALOG_COMPILER_GLOBAL_ACCENT_COLOR_NAME = AccentColor;
				CODE_SIGN_STYLE = Automatic;
				CURRENT_PROJECT_VERSION = 1;
				DEVELOPMENT_TEAM = WBG9V97XP4;
				ENABLE_PREVIEWS = YES;
				GENERATE_INFOPLIST_FILE = YES;
				INFOPLIST_KEY_NSCameraUsageDescription = "날씨옷장을 더 잘 활용할 수 있도록 카메라 접근 권한을 허용해주세요.";
				INFOPLIST_KEY_UIApplicationSceneManifest_Generation = YES;
				INFOPLIST_KEY_UIApplicationSupportsIndirectInputEvents = YES;
				INFOPLIST_KEY_UILaunchScreen_Generation = YES;
				INFOPLIST_KEY_UISupportedInterfaceOrientations_iPad = "UIInterfaceOrientationPortrait UIInterfaceOrientationPortraitUpsideDown UIInterfaceOrientationLandscapeLeft UIInterfaceOrientationLandscapeRight";
				INFOPLIST_KEY_UISupportedInterfaceOrientations_iPhone = "UIInterfaceOrientationPortrait UIInterfaceOrientationLandscapeLeft UIInterfaceOrientationLandscapeRight";
				LD_RUNPATH_SEARCH_PATHS = (
					"$(inherited)",
					"@executable_path/Frameworks",
				);
				MARKETING_VERSION = 1.0;
				PRODUCT_BUNDLE_IDENTIFIER = colin.OndoOtjang;
				PRODUCT_NAME = "$(TARGET_NAME)";
				STRING_CATALOG_GENERATE_SYMBOLS = YES;
				SWIFT_APPROACHABLE_CONCURRENCY = YES;
				SWIFT_DEFAULT_ACTOR_ISOLATION = MainActor;
				SWIFT_EMIT_LOC_STRINGS = YES;
				SWIFT_UPCOMING_FEATURE_MEMBER_IMPORT_VISIBILITY = YES;
				SWIFT_VERSION = 5.0;
				TARGETED_DEVICE_FAMILY = "1,2";
			};
			name = Debug;
		};
		F449CA542E5F20A000A1FDFF /* Release */ = {
			isa = XCBuildConfiguration;
			buildSettings = {
				ASSETCATALOG_COMPILER_APPICON_NAME = AppIcon;
				ASSETCATALOG_COMPILER_GLOBAL_ACCENT_COLOR_NAME = AccentColor;
				CODE_SIGN_STYLE = Automatic;
				CURRENT_PROJECT_VERSION = 1;
				DEVELOPMENT_TEAM = WBG9V97XP4;
				ENABLE_PREVIEWS = YES;
				GENERATE_INFOPLIST_FILE = YES;
				INFOPLIST_KEY_NSCameraUsageDescription = "날씨옷장을 더 잘 활용할 수 있도록 카메라 접근 권한을 허용해주세요.";
				INFOPLIST_KEY_UIApplicationSceneManifest_Generation = YES;
				INFOPLIST_KEY_UIApplicationSupportsIndirectInputEvents = YES;
				INFOPLIST_KEY_UILaunchScreen_Generation = YES;
				INFOPLIST_KEY_UISupportedInterfaceOrientations_iPad = "UIInterfaceOrientationPortrait UIInterfaceOrientationPortraitUpsideDown UIInterfaceOrientationLandscapeLeft UIInterfaceOrientationLandscapeRight";
				INFOPLIST_KEY_UISupportedInterfaceOrientations_iPhone = "UIInterfaceOrientationPortrait UIInterfaceOrientationLandscapeLeft UIInterfaceOrientationLandscapeRight";
				LD_RUNPATH_SEARCH_PATHS = (
					"$(inherited)",
					"@executable_path/Frameworks",
				);
				MARKETING_VERSION = 1.0;
				PRODUCT_BUNDLE_IDENTIFIER = colin.OndoOtjang;
				PRODUCT_NAME = "$(TARGET_NAME)";
				STRING_CATALOG_GENERATE_SYMBOLS = YES;
				SWIFT_APPROACHABLE_CONCURRENCY = YES;
				SWIFT_DEFAULT_ACTOR_ISOLATION = MainActor;
				SWIFT_EMIT_LOC_STRINGS = YES;
				SWIFT_UPCOMING_FEATURE_MEMBER_IMPORT_VISIBILITY = YES;
				SWIFT_VERSION = 5.0;
				TARGETED_DEVICE_FAMILY = "1,2";
			};
			name = Release;
		};
		F449CA562E5F20A000A1FDFF /* Debug */ = {
			isa = XCBuildConfiguration;
			buildSettings = {
				BUNDLE_LOADER = "$(TEST_HOST)";
				CODE_SIGN_STYLE = Automatic;
				CURRENT_PROJECT_VERSION = 1;
				DEVELOPMENT_TEAM = WBG9V97XP4;
				GENERATE_INFOPLIST_FILE = YES;
				IPHONEOS_DEPLOYMENT_TARGET = 26.0;
				MARKETING_VERSION = 1.0;
				PRODUCT_BUNDLE_IDENTIFIER = colin.OndoOtjangTests;
				PRODUCT_NAME = "$(TARGET_NAME)";
				STRING_CATALOG_GENERATE_SYMBOLS = NO;
				SWIFT_APPROACHABLE_CONCURRENCY = YES;
				SWIFT_EMIT_LOC_STRINGS = NO;
				SWIFT_UPCOMING_FEATURE_MEMBER_IMPORT_VISIBILITY = YES;
				SWIFT_VERSION = 5.0;
				TARGETED_DEVICE_FAMILY = "1,2";
				TEST_HOST = "$(BUILT_PRODUCTS_DIR)/NalssiOtjang.app/$(BUNDLE_EXECUTABLE_FOLDER_PATH)/NalssiOtjang";
			};
			name = Debug;
		};
		F449CA572E5F20A000A1FDFF /* Release */ = {
			isa = XCBuildConfiguration;
			buildSettings = {
				BUNDLE_LOADER = "$(TEST_HOST)";
				CODE_SIGN_STYLE = Automatic;
				CURRENT_PROJECT_VERSION = 1;
				DEVELOPMENT_TEAM = WBG9V97XP4;
				GENERATE_INFOPLIST_FILE = YES;
				IPHONEOS_DEPLOYMENT_TARGET = 26.0;
				MARKETING_VERSION = 1.0;
				PRODUCT_BUNDLE_IDENTIFIER = colin.OndoOtjangTests;
				PRODUCT_NAME = "$(TARGET_NAME)";
				STRING_CATALOG_GENERATE_SYMBOLS = NO;
				SWIFT_APPROACHABLE_CONCURRENCY = YES;
				SWIFT_EMIT_LOC_STRINGS = NO;
				SWIFT_UPCOMING_FEATURE_MEMBER_IMPORT_VISIBILITY = YES;
				SWIFT_VERSION = 5.0;
				TARGETED_DEVICE_FAMILY = "1,2";
				TEST_HOST = "$(BUILT_PRODUCTS_DIR)/NalssiOtjang.app/$(BUNDLE_EXECUTABLE_FOLDER_PATH)/NalssiOtjang";
			};
			name = Release;
		};
		F449CA592E5F20A000A1FDFF /* Debug */ = {
			isa = XCBuildConfiguration;
			buildSettings = {
				CODE_SIGN_STYLE = Automatic;
				CURRENT_PROJECT_VERSION = 1;
				DEVELOPMENT_TEAM = WBG9V97XP4;
				GENERATE_INFOPLIST_FILE = YES;
				MARKETING_VERSION = 1.0;
				PRODUCT_BUNDLE_IDENTIFIER = colin.OndoOtjangUITests;
				PRODUCT_NAME = "$(TARGET_NAME)";
				STRING_CATALOG_GENERATE_SYMBOLS = NO;
				SWIFT_APPROACHABLE_CONCURRENCY = YES;
				SWIFT_EMIT_LOC_STRINGS = NO;
				SWIFT_UPCOMING_FEATURE_MEMBER_IMPORT_VISIBILITY = YES;
				SWIFT_VERSION = 5.0;
				TARGETED_DEVICE_FAMILY = "1,2";
				TEST_TARGET_NAME = OndoOtjang;
			};
			name = Debug;
		};
		F449CA5A2E5F20A000A1FDFF /* Release */ = {
			isa = XCBuildConfiguration;
			buildSettings = {
				CODE_SIGN_STYLE = Automatic;
				CURRENT_PROJECT_VERSION = 1;
				DEVELOPMENT_TEAM = WBG9V97XP4;
				GENERATE_INFOPLIST_FILE = YES;
				MARKETING_VERSION = 1.0;
				PRODUCT_BUNDLE_IDENTIFIER = colin.OndoOtjangUITests;
				PRODUCT_NAME = "$(TARGET_NAME)";
				STRING_CATALOG_GENERATE_SYMBOLS = NO;
				SWIFT_APPROACHABLE_CONCURRENCY = YES;
				SWIFT_EMIT_LOC_STRINGS = NO;
				SWIFT_UPCOMING_FEATURE_MEMBER_IMPORT_VISIBILITY = YES;
				SWIFT_VERSION = 5.0;
				TARGETED_DEVICE_FAMILY = "1,2";
				TEST_TARGET_NAME = OndoOtjang;
			};
			name = Release;
		};
		F4C178782E798A4D004DAC5C /* Debug */ = {
			isa = XCBuildConfiguration;
			buildSettings = {
				ASSETCATALOG_COMPILER_APPICON_NAME = AppIcon;
				ASSETCATALOG_COMPILER_GLOBAL_ACCENT_COLOR_NAME = AccentColor;
				CODE_SIGN_STYLE = Automatic;
				CURRENT_PROJECT_VERSION = 1;
				DEVELOPMENT_TEAM = WBG9V97XP4;
				ENABLE_PREVIEWS = YES;
				GENERATE_INFOPLIST_FILE = YES;
				INFOPLIST_KEY_UIApplicationSceneManifest_Generation = YES;
				INFOPLIST_KEY_UIApplicationSupportsIndirectInputEvents = YES;
				INFOPLIST_KEY_UILaunchScreen_Generation = YES;
				INFOPLIST_KEY_UISupportedInterfaceOrientations_iPad = "UIInterfaceOrientationPortrait UIInterfaceOrientationPortraitUpsideDown UIInterfaceOrientationLandscapeLeft UIInterfaceOrientationLandscapeRight";
				INFOPLIST_KEY_UISupportedInterfaceOrientations_iPhone = "UIInterfaceOrientationPortrait UIInterfaceOrientationLandscapeLeft UIInterfaceOrientationLandscapeRight";
				LD_RUNPATH_SEARCH_PATHS = (
					"$(inherited)",
					"@executable_path/Frameworks",
				);
				MARKETING_VERSION = 1.0;
				PRODUCT_BUNDLE_IDENTIFIER = colin.CaptureSessionExample;
				PRODUCT_NAME = "$(TARGET_NAME)";
				STRING_CATALOG_GENERATE_SYMBOLS = YES;
				SWIFT_APPROACHABLE_CONCURRENCY = YES;
				SWIFT_DEFAULT_ACTOR_ISOLATION = MainActor;
				SWIFT_EMIT_LOC_STRINGS = YES;
				SWIFT_UPCOMING_FEATURE_MEMBER_IMPORT_VISIBILITY = YES;
				SWIFT_VERSION = 5.0;
				TARGETED_DEVICE_FAMILY = "1,2";
			};
			name = Debug;
		};
		F4C178792E798A4D004DAC5C /* Release */ = {
			isa = XCBuildConfiguration;
			buildSettings = {
				ASSETCATALOG_COMPILER_APPICON_NAME = AppIcon;
				ASSETCATALOG_COMPILER_GLOBAL_ACCENT_COLOR_NAME = AccentColor;
				CODE_SIGN_STYLE = Automatic;
				CURRENT_PROJECT_VERSION = 1;
				DEVELOPMENT_TEAM = WBG9V97XP4;
				ENABLE_PREVIEWS = YES;
				GENERATE_INFOPLIST_FILE = YES;
				INFOPLIST_KEY_UIApplicationSceneManifest_Generation = YES;
				INFOPLIST_KEY_UIApplicationSupportsIndirectInputEvents = YES;
				INFOPLIST_KEY_UILaunchScreen_Generation = YES;
				INFOPLIST_KEY_UISupportedInterfaceOrientations_iPad = "UIInterfaceOrientationPortrait UIInterfaceOrientationPortraitUpsideDown UIInterfaceOrientationLandscapeLeft UIInterfaceOrientationLandscapeRight";
				INFOPLIST_KEY_UISupportedInterfaceOrientations_iPhone = "UIInterfaceOrientationPortrait UIInterfaceOrientationLandscapeLeft UIInterfaceOrientationLandscapeRight";
				LD_RUNPATH_SEARCH_PATHS = (
					"$(inherited)",
					"@executable_path/Frameworks",
				);
				MARKETING_VERSION = 1.0;
				PRODUCT_BUNDLE_IDENTIFIER = colin.CaptureSessionExample;
				PRODUCT_NAME = "$(TARGET_NAME)";
				STRING_CATALOG_GENERATE_SYMBOLS = YES;
				SWIFT_APPROACHABLE_CONCURRENCY = YES;
				SWIFT_DEFAULT_ACTOR_ISOLATION = MainActor;
				SWIFT_EMIT_LOC_STRINGS = YES;
				SWIFT_UPCOMING_FEATURE_MEMBER_IMPORT_VISIBILITY = YES;
				SWIFT_VERSION = 5.0;
				TARGETED_DEVICE_FAMILY = "1,2";
			};
			name = Release;
		};
		F4C657172E6DAB1D00B26139 /* Debug */ = {
			isa = XCBuildConfiguration;
			buildSettings = {
				ASSETCATALOG_COMPILER_APPICON_NAME = AppIcon;
				ASSETCATALOG_COMPILER_GLOBAL_ACCENT_COLOR_NAME = AccentColor;
				CODE_SIGN_STYLE = Automatic;
				CURRENT_PROJECT_VERSION = 1;
				DEVELOPMENT_TEAM = WBG9V97XP4;
				ENABLE_PREVIEWS = YES;
				GENERATE_INFOPLIST_FILE = YES;
				INFOPLIST_KEY_UIApplicationSceneManifest_Generation = YES;
				INFOPLIST_KEY_UIApplicationSupportsIndirectInputEvents = YES;
				INFOPLIST_KEY_UILaunchScreen_Generation = YES;
				INFOPLIST_KEY_UISupportedInterfaceOrientations_iPad = "UIInterfaceOrientationPortrait UIInterfaceOrientationPortraitUpsideDown UIInterfaceOrientationLandscapeLeft UIInterfaceOrientationLandscapeRight";
				INFOPLIST_KEY_UISupportedInterfaceOrientations_iPhone = "UIInterfaceOrientationPortrait UIInterfaceOrientationLandscapeLeft UIInterfaceOrientationLandscapeRight";
				LD_RUNPATH_SEARCH_PATHS = (
					"$(inherited)",
					"@executable_path/Frameworks",
				);
				MARKETING_VERSION = 1.0;
				PRODUCT_BUNDLE_IDENTIFIER = colin.DesignSystemExample;
				PRODUCT_NAME = "$(TARGET_NAME)";
				STRING_CATALOG_GENERATE_SYMBOLS = YES;
				SWIFT_APPROACHABLE_CONCURRENCY = YES;
				SWIFT_DEFAULT_ACTOR_ISOLATION = MainActor;
				SWIFT_EMIT_LOC_STRINGS = YES;
				SWIFT_UPCOMING_FEATURE_MEMBER_IMPORT_VISIBILITY = YES;
				SWIFT_VERSION = 5.0;
				TARGETED_DEVICE_FAMILY = "1,2";
			};
			name = Debug;
		};
		F4C657182E6DAB1D00B26139 /* Release */ = {
			isa = XCBuildConfiguration;
			buildSettings = {
				ASSETCATALOG_COMPILER_APPICON_NAME = AppIcon;
				ASSETCATALOG_COMPILER_GLOBAL_ACCENT_COLOR_NAME = AccentColor;
				CODE_SIGN_STYLE = Automatic;
				CURRENT_PROJECT_VERSION = 1;
				DEVELOPMENT_TEAM = WBG9V97XP4;
				ENABLE_PREVIEWS = YES;
				GENERATE_INFOPLIST_FILE = YES;
				INFOPLIST_KEY_UIApplicationSceneManifest_Generation = YES;
				INFOPLIST_KEY_UIApplicationSupportsIndirectInputEvents = YES;
				INFOPLIST_KEY_UILaunchScreen_Generation = YES;
				INFOPLIST_KEY_UISupportedInterfaceOrientations_iPad = "UIInterfaceOrientationPortrait UIInterfaceOrientationPortraitUpsideDown UIInterfaceOrientationLandscapeLeft UIInterfaceOrientationLandscapeRight";
				INFOPLIST_KEY_UISupportedInterfaceOrientations_iPhone = "UIInterfaceOrientationPortrait UIInterfaceOrientationLandscapeLeft UIInterfaceOrientationLandscapeRight";
				LD_RUNPATH_SEARCH_PATHS = (
					"$(inherited)",
					"@executable_path/Frameworks",
				);
				MARKETING_VERSION = 1.0;
				PRODUCT_BUNDLE_IDENTIFIER = colin.DesignSystemExample;
				PRODUCT_NAME = "$(TARGET_NAME)";
				STRING_CATALOG_GENERATE_SYMBOLS = YES;
				SWIFT_APPROACHABLE_CONCURRENCY = YES;
				SWIFT_DEFAULT_ACTOR_ISOLATION = MainActor;
				SWIFT_EMIT_LOC_STRINGS = YES;
				SWIFT_UPCOMING_FEATURE_MEMBER_IMPORT_VISIBILITY = YES;
				SWIFT_VERSION = 5.0;
				TARGETED_DEVICE_FAMILY = "1,2";
			};
			name = Release;
		};
/* End XCBuildConfiguration section */

/* Begin XCConfigurationList section */
		CA740F972E9F7D9F00A306EF /* Build configuration list for PBXNativeTarget "MLImageClassificationExample" */ = {
			isa = XCConfigurationList;
			buildConfigurations = (
				CA740F982E9F7D9F00A306EF /* Debug */,
				CA740F992E9F7D9F00A306EF /* Release */,
			);
			defaultConfigurationIsVisible = 0;
			defaultConfigurationName = Release;
		};
		CABC30862E7AE60A00C6C848 /* Build configuration list for PBXNativeTarget "RecordPhotoExample" */ = {
			isa = XCConfigurationList;
			buildConfigurations = (
				CABC30872E7AE60A00C6C848 /* Debug */,
				CABC30882E7AE60A00C6C848 /* Release */,
			);
			defaultConfigurationIsVisible = 0;
			defaultConfigurationName = Release;
		};
		F449CA2A2E5F209E00A1FDFF /* Build configuration list for PBXProject "NalssiOtjang" */ = {
			isa = XCConfigurationList;
			buildConfigurations = (
				F449CA502E5F20A000A1FDFF /* Debug */,
				F449CA512E5F20A000A1FDFF /* Release */,
			);
			defaultConfigurationIsVisible = 0;
			defaultConfigurationName = Release;
		};
		F449CA522E5F20A000A1FDFF /* Build configuration list for PBXNativeTarget "NalssiOtjang" */ = {
			isa = XCConfigurationList;
			buildConfigurations = (
				F449CA532E5F20A000A1FDFF /* Debug */,
				F449CA542E5F20A000A1FDFF /* Release */,
			);
			defaultConfigurationIsVisible = 0;
			defaultConfigurationName = Release;
		};
		F449CA552E5F20A000A1FDFF /* Build configuration list for PBXNativeTarget "NalssiOtjangTests" */ = {
			isa = XCConfigurationList;
			buildConfigurations = (
				F449CA562E5F20A000A1FDFF /* Debug */,
				F449CA572E5F20A000A1FDFF /* Release */,
			);
			defaultConfigurationIsVisible = 0;
			defaultConfigurationName = Release;
		};
		F449CA582E5F20A000A1FDFF /* Build configuration list for PBXNativeTarget "NalssiOtjangUITests" */ = {
			isa = XCConfigurationList;
			buildConfigurations = (
				F449CA592E5F20A000A1FDFF /* Debug */,
				F449CA5A2E5F20A000A1FDFF /* Release */,
			);
			defaultConfigurationIsVisible = 0;
			defaultConfigurationName = Release;
		};
		F4C178772E798A4D004DAC5C /* Build configuration list for PBXNativeTarget "CaptureSessionExample" */ = {
			isa = XCConfigurationList;
			buildConfigurations = (
				F4C178782E798A4D004DAC5C /* Debug */,
				F4C178792E798A4D004DAC5C /* Release */,
			);
			defaultConfigurationIsVisible = 0;
			defaultConfigurationName = Release;
		};
		F4C657162E6DAB1D00B26139 /* Build configuration list for PBXNativeTarget "DesignSystemExample" */ = {
			isa = XCConfigurationList;
			buildConfigurations = (
				F4C657172E6DAB1D00B26139 /* Debug */,
				F4C657182E6DAB1D00B26139 /* Release */,
			);
			defaultConfigurationIsVisible = 0;
			defaultConfigurationName = Release;
		};
/* End XCConfigurationList section */

/* Begin XCSwiftPackageProductDependency section */
		CA07B6752EA7C41900287A39 /* DomainClothes */ = {
			isa = XCSwiftPackageProductDependency;
			productName = DomainClothes;
		};
		CA740FA62E9F7E2B00A306EF /* CoreMLImageClassifier */ = {
			isa = XCSwiftPackageProductDependency;
			productName = CoreMLImageClassifier;
		};
		CA78D8F92EA7B2AB006BD951 /* CoreMLImageClassifier */ = {
			isa = XCSwiftPackageProductDependency;
			productName = CoreMLImageClassifier;
		};
		CAF5AECC2E8135F2007759B6 /* FeatureRecordPhoto */ = {
			isa = XCSwiftPackageProductDependency;
			productName = FeatureRecordPhoto;
		};
		CAF5AECE2E8231C1007759B6 /* CoreRouter */ = {
			isa = XCSwiftPackageProductDependency;
			productName = CoreRouter;
		};
		CAF5AEF62E8256A4007759B6 /* CoreCaptureSession */ = {
			isa = XCSwiftPackageProductDependency;
			productName = CoreCaptureSession;
		};
		F4C178822E798FCA004DAC5C /* CaptureSessionFeature */ = {
			isa = XCSwiftPackageProductDependency;
			productName = CaptureSessionFeature;
		};
		F4C657192E6DAB2500B26139 /* SharedDesignSystem */ = {
			isa = XCSwiftPackageProductDependency;
			productName = SharedDesignSystem;
		};
/* End XCSwiftPackageProductDependency section */
	};
	rootObject = F449CA272E5F209E00A1FDFF /* Project object */;
}
